
Microsoft Visual Studio Solution File, Format Version 12.00
# Visual Studio 15
VisualStudioVersion = 15.0.28307.168
MinimumVisualStudioVersion = 10.0.40219.1
Project("{FAE04EC0-301F-11D3-BF4B-00C04F79EFBC}") = "JiraJWL", "JiraJWL\JiraJWL.csproj", "{597F73C6-CB46-4A60-A505-477321092084}"
EndProject
Global
	GlobalSection(SolutionConfigurationPlatforms) = preSolution
		Debug|Any CPU = Debug|Any CPU
		Release|Any CPU = Release|Any CPU
	EndGlobalSection
	GlobalSection(ProjectConfigurationPlatforms) = postSolution
		{597F73C6-CB46-4A60-A505-477321092084}.Debug|Any CPU.ActiveCfg = Debug|Any CPU
		{597F73C6-CB46-4A60-A505-477321092084}.Debug|Any CPU.Build.0 = Debug|Any CPU
		{597F73C6-CB46-4A60-A505-477321092084}.Release|Any CPU.ActiveCfg = Release|Any CPU
		{597F73C6-CB46-4A60-A505-477321092084}.Release|Any CPU.Build.0 = Release|Any CPU
	EndGlobalSection
	GlobalSection(SolutionProperties) = preSolution
		HideSolutionNode = FALSE
	EndGlobalSection
	GlobalSection(ExtensibilityGlobals) = postSolution
		SolutionGuid = {1AC166A4-C5E4-443C-B8A4-5AA099AAF902}
	EndGlobalSection
EndGlobal
